
Microsoft Visual Studio Solution File, Format Version 12.00
# Visual Studio Version 17
VisualStudioVersion = 17.0.31919.166
MinimumVisualStudioVersion = 10.0.40219.1
Project("{FAE04EC0-301F-11D3-BF4B-00C04F79EFBC}") = "BookLibrary", "BookLibrary.csproj", "{B5AA07EB-E1D1-458D-9EF7-A9165FB6A6B5}"
EndProject
Project("{FAE04EC0-301F-11D3-BF4B-00C04F79EFBC}") = "BL.BussinessLogic", "..\BL.BussinessLogic\BL.BussinessLogic.csproj", "{B9A9DDB8-B608-4965-866F-78F95E3A9585}"
EndProject
Project("{FAE04EC0-301F-11D3-BF4B-00C04F79EFBC}") = "BL.DataAccess", "..\BL.DataAccess\BL.DataAccess.csproj", "{9F45D504-F3BA-4CC5-9C36-2A1BF3823648}"
EndProject
Global
	GlobalSection(SolutionConfigurationPlatforms) = preSolution
		Debug|Any CPU = Debug|Any CPU
		Release|Any CPU = Release|Any CPU
	EndGlobalSection
	GlobalSection(ProjectConfigurationPlatforms) = postSolution
		{B5AA07EB-E1D1-458D-9EF7-A9165FB6A6B5}.Debug|Any CPU.ActiveCfg = Debug|Any CPU
		{B5AA07EB-E1D1-458D-9EF7-A9165FB6A6B5}.Debug|Any CPU.Build.0 = Debug|Any CPU
		{B5AA07EB-E1D1-458D-9EF7-A9165FB6A6B5}.Release|Any CPU.ActiveCfg = Release|Any CPU
		{B5AA07EB-E1D1-458D-9EF7-A9165FB6A6B5}.Release|Any CPU.Build.0 = Release|Any CPU
		{B9A9DDB8-B608-4965-866F-78F95E3A9585}.Debug|Any CPU.ActiveCfg = Debug|Any CPU
		{B9A9DDB8-B608-4965-866F-78F95E3A9585}.Debug|Any CPU.Build.0 = Debug|Any CPU
		{B9A9DDB8-B608-4965-866F-78F95E3A9585}.Release|Any CPU.ActiveCfg = Release|Any CPU
		{B9A9DDB8-B608-4965-866F-78F95E3A9585}.Release|Any CPU.Build.0 = Release|Any CPU
		{9F45D504-F3BA-4CC5-9C36-2A1BF3823648}.Debug|Any CPU.ActiveCfg = Debug|Any CPU
		{9F45D504-F3BA-4CC5-9C36-2A1BF3823648}.Debug|Any CPU.Build.0 = Debug|Any CPU
		{9F45D504-F3BA-4CC5-9C36-2A1BF3823648}.Release|Any CPU.ActiveCfg = Release|Any CPU
		{9F45D504-F3BA-4CC5-9C36-2A1BF3823648}.Release|Any CPU.Build.0 = Release|Any CPU
	EndGlobalSection
	GlobalSection(SolutionProperties) = preSolution
		HideSolutionNode = FALSE
	EndGlobalSection
	GlobalSection(ExtensibilityGlobals) = postSolution
		SolutionGuid = {362970E3-4E09-4170-A2A2-7FF6195B3071}
	EndGlobalSection
EndGlobal
